
Microsoft Visual Studio Solution File, Format Version 12.00
# Visual Studio Version 17
VisualStudioVersion = 17.5.002.0
MinimumVisualStudioVersion = 10.0.40219.1
Project("{9A19103F-16F7-4668-BE54-9A1E7A4F7556}") = "Text-based Game", "Text-based Game.csproj", "{252DB81E-C034-4ABE-97E8-22A6F76302AE}"
EndProject
Global
	GlobalSection(SolutionConfigurationPlatforms) = preSolution
		Debug|Any CPU = Debug|Any CPU
		Release|Any CPU = Release|Any CPU
	EndGlobalSection
	GlobalSection(ProjectConfigurationPlatforms) = postSolution
		{252DB81E-C034-4ABE-97E8-22A6F76302AE}.Debug|Any CPU.ActiveCfg = Debug|Any CPU
		{252DB81E-C034-4ABE-97E8-22A6F76302AE}.Debug|Any CPU.Build.0 = Debug|Any CPU
		{252DB81E-C034-4ABE-97E8-22A6F76302AE}.Release|Any CPU.ActiveCfg = Release|Any CPU
		{252DB81E-C034-4ABE-97E8-22A6F76302AE}.Release|Any CPU.Build.0 = Release|Any CPU
	EndGlobalSection
	GlobalSection(SolutionProperties) = preSolution
		HideSolutionNode = FALSE
	EndGlobalSection
	GlobalSection(ExtensibilityGlobals) = postSolution
		SolutionGuid = {82530D22-55D3-4DCD-A093-E043FA961178}
	EndGlobalSection
EndGlobal
